// !$*UTF8*$!
{
	archiveVersion = 1;
	classes = {
	};
	objectVersion = 46;
	objects = {

/* Begin PBXBuildFile section */
		11A96EBE180816AE000384F5 /* TdEgTiLOvt.jpg in Resources */ = {isa = PBXBuildFile; fileRef = 11A96EBD180816AE000384F5 /* TdEgTiLOvt.jpg */; };
		11A96EC018081B97000384F5 /* sds.png in Resources */ = {isa = PBXBuildFile; fileRef = 11A96EBF18081B97000384F5 /* sds.png */; };
		11FD7CD617C2041F007EE7FC /* UIKit.framework in Frameworks */ = {isa = PBXBuildFile; fileRef = 11FD7CD517C2041F007EE7FC /* UIKit.framework */; };
		11FD7CD817C2041F007EE7FC /* Foundation.framework in Frameworks */ = {isa = PBXBuildFile; fileRef = 11FD7CD717C2041F007EE7FC /* Foundation.framework */; };
		11FD7CDA17C2041F007EE7FC /* CoreGraphics.framework in Frameworks */ = {isa = PBXBuildFile; fileRef = 11FD7CD917C2041F007EE7FC /* CoreGraphics.framework */; };
		11FD7CE017C2041F007EE7FC /* InfoPlist.strings in Resources */ = {isa = PBXBuildFile; fileRef = 11FD7CDE17C2041F007EE7FC /* InfoPlist.strings */; };
		11FD7CE217C2041F007EE7FC /* main.m in Sources */ = {isa = PBXBuildFile; fileRef = 11FD7CE117C2041F007EE7FC /* main.m */; };
		11FD7CE617C2041F007EE7FC /* LCAppDelegate.m in Sources */ = {isa = PBXBuildFile; fileRef = 11FD7CE517C2041F007EE7FC /* LCAppDelegate.m */; };
		11FD7CE817C2041F007EE7FC /* Default.png in Resources */ = {isa = PBXBuildFile; fileRef = 11FD7CE717C2041F007EE7FC /* Default.png */; };
		11FD7CEA17C2041F007EE7FC /* Default@2x.png in Resources */ = {isa = PBXBuildFile; fileRef = 11FD7CE917C2041F007EE7FC /* Default@2x.png */; };
		11FD7CEC17C2041F007EE7FC /* Default-568h@2x.png in Resources */ = {isa = PBXBuildFile; fileRef = 11FD7CEB17C2041F007EE7FC /* Default-568h@2x.png */; };
		11FD7CEF17C2041F007EE7FC /* LCFirstViewController.m in Sources */ = {isa = PBXBuildFile; fileRef = 11FD7CEE17C2041F007EE7FC /* LCFirstViewController.m */; };
		11FD7CF117C2041F007EE7FC /* first.png in Resources */ = {isa = PBXBuildFile; fileRef = 11FD7CF017C2041F007EE7FC /* first.png */; };
		11FD7CF317C2041F007EE7FC /* first@2x.png in Resources */ = {isa = PBXBuildFile; fileRef = 11FD7CF217C2041F007EE7FC /* first@2x.png */; };
		11FD7CF617C2041F007EE7FC /* LCSecondViewController.m in Sources */ = {isa = PBXBuildFile; fileRef = 11FD7CF517C2041F007EE7FC /* LCSecondViewController.m */; };
		11FD7CF817C2041F007EE7FC /* second.png in Resources */ = {isa = PBXBuildFile; fileRef = 11FD7CF717C2041F007EE7FC /* second.png */; };
		11FD7CFA17C2041F007EE7FC /* second@2x.png in Resources */ = {isa = PBXBuildFile; fileRef = 11FD7CF917C2041F007EE7FC /* second@2x.png */; };
		11FD7CFD17C2041F007EE7FC /* LCFirstViewController.xib in Resources */ = {isa = PBXBuildFile; fileRef = 11FD7CFB17C2041F007EE7FC /* LCFirstViewController.xib */; };
		11FD7D0017C2041F007EE7FC /* LCSecondViewController.xib in Resources */ = {isa = PBXBuildFile; fileRef = 11FD7CFE17C2041F007EE7FC /* LCSecondViewController.xib */; };
/* End PBXBuildFile section */

/* Begin PBXFileReference section */
		11A96EBD180816AE000384F5 /* TdEgTiLOvt.jpg */ = {isa = PBXFileReference; lastKnownFileType = image.jpeg; path = TdEgTiLOvt.jpg; sourceTree = "<group>"; };
		11A96EBF18081B97000384F5 /* sds.png */ = {isa = PBXFileReference; lastKnownFileType = image.png; path = sds.png; sourceTree = "<group>"; };
		11FD7CD217C2041F007EE7FC /* TestDys.app */ = {isa = PBXFileReference; explicitFileType = wrapper.application; includeInIndex = 0; path = TestDys.app; sourceTree = BUILT_PRODUCTS_DIR; };
		11FD7CD517C2041F007EE7FC /* UIKit.framework */ = {isa = PBXFileReference; lastKnownFileType = wrapper.framework; name = UIKit.framework; path = System/Library/Frameworks/UIKit.framework; sourceTree = SDKROOT; };
		11FD7CD717C2041F007EE7FC /* Foundation.framework */ = {isa = PBXFileReference; lastKnownFileType = wrapper.framework; name = Foundation.framework; path = System/Library/Frameworks/Foundation.framework; sourceTree = SDKROOT; };
		11FD7CD917C2041F007EE7FC /* CoreGraphics.framework */ = {isa = PBXFileReference; lastKnownFileType = wrapper.framework; name = CoreGraphics.framework; path = System/Library/Frameworks/CoreGraphics.framework; sourceTree = SDKROOT; };
		11FD7CDD17C2041F007EE7FC /* TestDys-Info.plist */ = {isa = PBXFileReference; lastKnownFileType = text.plist.xml; path = "TestDys-Info.plist"; sourceTree = "<group>"; };
		11FD7CDF17C2041F007EE7FC /* en */ = {isa = PBXFileReference; lastKnownFileType = text.plist.strings; name = en; path = en.lproj/InfoPlist.strings; sourceTree = "<group>"; };
		11FD7CE117C2041F007EE7FC /* main.m */ = {isa = PBXFileReference; lastKnownFileType = sourcecode.c.objc; path = main.m; sourceTree = "<group>"; };
		11FD7CE317C2041F007EE7FC /* TestDys-Prefix.pch */ = {isa = PBXFileReference; lastKnownFileType = sourcecode.c.h; path = "TestDys-Prefix.pch"; sourceTree = "<group>"; };
		11FD7CE417C2041F007EE7FC /* LCAppDelegate.h */ = {isa = PBXFileReference; lastKnownFileType = sourcecode.c.h; path = LCAppDelegate.h; sourceTree = "<group>"; };
		11FD7CE517C2041F007EE7FC /* LCAppDelegate.m */ = {isa = PBXFileReference; lastKnownFileType = sourcecode.c.objc; path = LCAppDelegate.m; sourceTree = "<group>"; };
		11FD7CE717C2041F007EE7FC /* Default.png */ = {isa = PBXFileReference; lastKnownFileType = image.png; path = Default.png; sourceTree = "<group>"; };
		11FD7CE917C2041F007EE7FC /* Default@2x.png */ = {isa = PBXFileReference; lastKnownFileType = image.png; path = "Default@2x.png"; sourceTree = "<group>"; };
		11FD7CEB17C2041F007EE7FC /* Default-568h@2x.png */ = {isa = PBXFileReference; lastKnownFileType = image.png; path = "Default-568h@2x.png"; sourceTree = "<group>"; };
		11FD7CED17C2041F007EE7FC /* LCFirstViewController.h */ = {isa = PBXFileReference; lastKnownFileType = sourcecode.c.h; path = LCFirstViewController.h; sourceTree = "<group>"; };
		11FD7CEE17C2041F007EE7FC /* LCFirstViewController.m */ = {isa = PBXFileReference; lastKnownFileType = sourcecode.c.objc; path = LCFirstViewController.m; sourceTree = "<group>"; };
		11FD7CF017C2041F007EE7FC /* first.png */ = {isa = PBXFileReference; lastKnownFileType = image.png; path = first.png; sourceTree = "<group>"; };
		11FD7CF217C2041F007EE7FC /* first@2x.png */ = {isa = PBXFileReference; lastKnownFileType = image.png; path = "first@2x.png"; sourceTree = "<group>"; };
		11FD7CF417C2041F007EE7FC /* LCSecondViewController.h */ = {isa = PBXFileReference; lastKnownFileType = sourcecode.c.h; path = LCSecondViewController.h; sourceTree = "<group>"; };
		11FD7CF517C2041F007EE7FC /* LCSecondViewController.m */ = {isa = PBXFileReference; lastKnownFileType = sourcecode.c.objc; path = LCSecondViewController.m; sourceTree = "<group>"; };
		11FD7CF717C2041F007EE7FC /* second.png */ = {isa = PBXFileReference; lastKnownFileType = image.png; path = second.png; sourceTree = "<group>"; };
		11FD7CF917C2041F007EE7FC /* second@2x.png */ = {isa = PBXFileReference; lastKnownFileType = image.png; path = "second@2x.png"; sourceTree = "<group>"; };
		11FD7CFC17C2041F007EE7FC /* en */ = {isa = PBXFileReference; lastKnownFileType = file.xib; name = en; path = en.lproj/LCFirstViewController.xib; sourceTree = "<group>"; };
		11FD7CFF17C2041F007EE7FC /* en */ = {isa = PBXFileReference; lastKnownFileType = file.xib; name = en; path = en.lproj/LCSecondViewController.xib; sourceTree = "<group>"; };
/* End PBXFileReference section */

/* Begin PBXFrameworksBuildPhase section */
		11FD7CCF17C2041F007EE7FC /* Frameworks */ = {
			isa = PBXFrameworksBuildPhase;
			buildActionMask = 2147483647;
			files = (
				11FD7CD617C2041F007EE7FC /* UIKit.framework in Frameworks */,
				11FD7CD817C2041F007EE7FC /* Foundation.framework in Frameworks */,
				11FD7CDA17C2041F007EE7FC /* CoreGraphics.framework in Frameworks */,
			);
			runOnlyForDeploymentPostprocessing = 0;
		};
/* End PBXFrameworksBuildPhase section */

/* Begin PBXGroup section */
		11FD7CC917C2041F007EE7FC = {
			isa = PBXGroup;
			children = (
				11FD7CDB17C2041F007EE7FC /* TestDys */,
				11FD7CD417C2041F007EE7FC /* Frameworks */,
				11FD7CD317C2041F007EE7FC /* Products */,
			);
			sourceTree = "<group>";
		};
		11FD7CD317C2041F007EE7FC /* Products */ = {
			isa = PBXGroup;
			children = (
				11FD7CD217C2041F007EE7FC /* TestDys.app */,
			);
			name = Products;
			sourceTree = "<group>";
		};
		11FD7CD417C2041F007EE7FC /* Frameworks */ = {
			isa = PBXGroup;
			children = (
				11FD7CD517C2041F007EE7FC /* UIKit.framework */,
				11FD7CD717C2041F007EE7FC /* Foundation.framework */,
				11FD7CD917C2041F007EE7FC /* CoreGraphics.framework */,
			);
			name = Frameworks;
			sourceTree = "<group>";
		};
		11FD7CDB17C2041F007EE7FC /* TestDys */ = {
			isa = PBXGroup;
			children = (
				11FD7CE417C2041F007EE7FC /* LCAppDelegate.h */,
				11FD7CE517C2041F007EE7FC /* LCAppDelegate.m */,
				11FD7CED17C2041F007EE7FC /* LCFirstViewController.h */,
				11FD7CEE17C2041F007EE7FC /* LCFirstViewController.m */,
				11FD7CF017C2041F007EE7FC /* first.png */,
				11FD7CF217C2041F007EE7FC /* first@2x.png */,
				11FD7CF417C2041F007EE7FC /* LCSecondViewController.h */,
				11FD7CF517C2041F007EE7FC /* LCSecondViewController.m */,
				11FD7CF717C2041F007EE7FC /* second.png */,
				11FD7CF917C2041F007EE7FC /* second@2x.png */,
				11FD7CFB17C2041F007EE7FC /* LCFirstViewController.xib */,
				11FD7CFE17C2041F007EE7FC /* LCSecondViewController.xib */,
				11FD7CDC17C2041F007EE7FC /* Supporting Files */,
			);
			path = TestDys;
			sourceTree = "<group>";
		};
		11FD7CDC17C2041F007EE7FC /* Supporting Files */ = {
			isa = PBXGroup;
			children = (
				11A96EBF18081B97000384F5 /* sds.png */,
				11A96EBD180816AE000384F5 /* TdEgTiLOvt.jpg */,
				11FD7CDD17C2041F007EE7FC /* TestDys-Info.plist */,
				11FD7CDE17C2041F007EE7FC /* InfoPlist.strings */,
				11FD7CE117C2041F007EE7FC /* main.m */,
				11FD7CE317C2041F007EE7FC /* TestDys-Prefix.pch */,
				11FD7CE717C2041F007EE7FC /* Default.png */,
				11FD7CE917C2041F007EE7FC /* Default@2x.png */,
				11FD7CEB17C2041F007EE7FC /* Default-568h@2x.png */,
			);
			name = "Supporting Files";
			sourceTree = "<group>";
		};
/* End PBXGroup section */

/* Begin PBXNativeTarget section */
		11FD7CD117C2041F007EE7FC /* TestDys */ = {
			isa = PBXNativeTarget;
			buildConfigurationList = 11FD7D0317C2041F007EE7FC /* Build configuration list for PBXNativeTarget "TestDys" */;
			buildPhases = (
				11FD7CCE17C2041F007EE7FC /* Sources */,
				11FD7CCF17C2041F007EE7FC /* Frameworks */,
				11FD7CD017C2041F007EE7FC /* Resources */,
			);
			buildRules = (
			);
			dependencies = (
			);
			name = TestDys;
			productName = TestDys;
			productReference = 11FD7CD217C2041F007EE7FC /* TestDys.app */;
			productType = "com.apple.product-type.application";
		};
/* End PBXNativeTarget section */

/* Begin PBXProject section */
		11FD7CCA17C2041F007EE7FC /* Project object */ = {
			isa = PBXProject;
			attributes = {
				CLASSPREFIX = LC;
				LastUpgradeCheck = 0460;
				ORGANIZATIONNAME = bitpanda;
			};
			buildConfigurationList = 11FD7CCD17C2041F007EE7FC /* Build configuration list for PBXProject "TestDys" */;
			compatibilityVersion = "Xcode 3.2";
			developmentRegion = English;
			hasScannedForEncodings = 0;
			knownRegions = (
				en,
			);
			mainGroup = 11FD7CC917C2041F007EE7FC;
			productRefGroup = 11FD7CD317C2041F007EE7FC /* Products */;
			projectDirPath = "";
			projectRoot = "";
			targets = (
				11FD7CD117C2041F007EE7FC /* TestDys */,
			);
		};
/* End PBXProject section */

/* Begin PBXResourcesBuildPhase section */
		11FD7CD017C2041F007EE7FC /* Resources */ = {
			isa = PBXResourcesBuildPhase;
			buildActionMask = 2147483647;
			files = (
				11A96EC018081B97000384F5 /* sds.png in Resources */,
				11FD7CE017C2041F007EE7FC /* InfoPlist.strings in Resources */,
				11FD7CE817C2041F007EE7FC /* Default.png in Resources */,
				11A96EBE180816AE000384F5 /* TdEgTiLOvt.jpg in Resources */,
				11FD7CEA17C2041F007EE7FC /* Default@2x.png in Resources */,
				11FD7CEC17C2041F007EE7FC /* Default-568h@2x.png in Resources */,
				11FD7CF117C2041F007EE7FC /* first.png in Resources */,
				11FD7CF317C2041F007EE7FC /* first@2x.png in Resources */,
				11FD7CF817C2041F007EE7FC /* second.png in Resources */,
				11FD7CFA17C2041F007EE7FC /* second@2x.png in Resources */,
				11FD7CFD17C2041F007EE7FC /* LCFirstViewController.xib in Resources */,
				11FD7D0017C2041F007EE7FC /* LCSecondViewController.xib in Resources */,
			);
			runOnlyForDeploymentPostprocessing = 0;
		};
/* End PBXResourcesBuildPhase section */

/* Begin PBXSourcesBuildPhase section */
		11FD7CCE17C2041F007EE7FC /* Sources */ = {
			isa = PBXSourcesBuildPhase;
			buildActionMask = 2147483647;
			files = (
				11FD7CE217C2041F007EE7FC /* main.m in Sources */,
				11FD7CE617C2041F007EE7FC /* LCAppDelegate.m in Sources */,
				11FD7CEF17C2041F007EE7FC /* LCFirstViewController.m in Sources */,
				11FD7CF617C2041F007EE7FC /* LCSecondViewController.m in Sources */,
			);
			runOnlyForDeploymentPostprocessing = 0;
		};
/* End PBXSourcesBuildPhase section */

/* Begin PBXVariantGroup section */
		11FD7CDE17C2041F007EE7FC /* InfoPlist.strings */ = {
			isa = PBXVariantGroup;
			children = (
				11FD7CDF17C2041F007EE7FC /* en */,
			);
			name = InfoPlist.strings;
			sourceTree = "<group>";
		};
		11FD7CFB17C2041F007EE7FC /* LCFirstViewController.xib */ = {
			isa = PBXVariantGroup;
			children = (
				11FD7CFC17C2041F007EE7FC /* en */,
			);
			name = LCFirstViewController.xib;
			sourceTree = "<group>";
		};
		11FD7CFE17C2041F007EE7FC /* LCSecondViewController.xib */ = {
			isa = PBXVariantGroup;
			children = (
				11FD7CFF17C2041F007EE7FC /* en */,
			);
			name = LCSecondViewController.xib;
			sourceTree = "<group>";
		};
/* End PBXVariantGroup section */

/* Begin XCBuildConfiguration section */
		11FD7D0117C2041F007EE7FC /* Debug */ = {
			isa = XCBuildConfiguration;
			buildSettings = {
				ALWAYS_SEARCH_USER_PATHS = NO;
				CLANG_CXX_LANGUAGE_STANDARD = "gnu++0x";
				CLANG_CXX_LIBRARY = "libc++";
				CLANG_WARN_CONSTANT_CONVERSION = YES;
				CLANG_WARN_EMPTY_BODY = YES;
				CLANG_WARN_ENUM_CONVERSION = YES;
				CLANG_WARN_INT_CONVERSION = YES;
				CLANG_WARN__DUPLICATE_METHOD_MATCH = YES;
				"CODE_SIGN_IDENTITY[sdk=iphoneos*]" = "iPhone Developer";
				COPY_PHASE_STRIP = NO;
				GCC_C_LANGUAGE_STANDARD = gnu99;
				GCC_DYNAMIC_NO_PIC = NO;
				GCC_OPTIMIZATION_LEVEL = 0;
				GCC_PREPROCESSOR_DEFINITIONS = (
					"DEBUG=1",
					"$(inherited)",
				);
				GCC_SYMBOLS_PRIVATE_EXTERN = NO;
				GCC_WARN_ABOUT_RETURN_TYPE = YES;
				GCC_WARN_UNINITIALIZED_AUTOS = YES;
				GCC_WARN_UNUSED_VARIABLE = YES;
				IPHONEOS_DEPLOYMENT_TARGET = 6.1;
				ONLY_ACTIVE_ARCH = YES;
				SDKROOT = iphoneos;
			};
			name = Debug;
		};
		11FD7D0217C2041F007EE7FC /* Release */ = {
			isa = XCBuildConfiguration;
			buildSettings = {
				ALWAYS_SEARCH_USER_PATHS = NO;
				CLANG_CXX_LANGUAGE_STANDARD = "gnu++0x";
				CLANG_CXX_LIBRARY = "libc++";
				CLANG_WARN_CONSTANT_CONVERSION = YES;
				CLANG_WARN_EMPTY_BODY = YES;
				CLANG_WARN_ENUM_CONVERSION = YES;
				CLANG_WARN_INT_CONVERSION = YES;
				CLANG_WARN__DUPLICATE_METHOD_MATCH = YES;
				"CODE_SIGN_IDENTITY[sdk=iphoneos*]" = "iPhone Developer";
				COPY_PHASE_STRIP = YES;
				GCC_C_LANGUAGE_STANDARD = gnu99;
				GCC_WARN_ABOUT_RETURN_TYPE = YES;
				GCC_WARN_UNINITIALIZED_AUTOS = YES;
				GCC_WARN_UNUSED_VARIABLE = YES;
				IPHONEOS_DEPLOYMENT_TARGET = 6.1;
				OTHER_CFLAGS = "-DNS_BLOCK_ASSERTIONS=1";
				SDKROOT = iphoneos;
				VALIDATE_PRODUCT = YES;
			};
			name = Release;
		};
		11FD7D0417C2041F007EE7FC /* Debug */ = {
			isa = XCBuildConfiguration;
			buildSettings = {
				CODE_SIGN_IDENTITY = "iPhone Developer: jackie xue (YVSA3H2PRB)";
				"CODE_SIGN_IDENTITY[sdk=iphoneos*]" = "iPhone Developer: jackie xue (YVSA3H2PRB)";
				GCC_PRECOMPILE_PREFIX_HEADER = YES;
				GCC_PREFIX_HEADER = "TestDys/TestDys-Prefix.pch";
				INFOPLIST_FILE = "TestDys/TestDys-Info.plist";
				PRODUCT_NAME = "$(TARGET_NAME)";
				PROVISIONING_PROFILE = "A0149D31-2417-46CB-8DED-E525D36C66A4";
				"PROVISIONING_PROFILE[sdk=iphoneos*]" = "A0149D31-2417-46CB-8DED-E525D36C66A4";
				WRAPPER_EXTENSION = app;
			};
			name = Debug;
		};
		11FD7D0517C2041F007EE7FC /* Release */ = {
			isa = XCBuildConfiguration;
			buildSettings = {
				CODE_SIGN_IDENTITY = "iPhone Developer: jackie xue (YVSA3H2PRB)";
				"CODE_SIGN_IDENTITY[sdk=iphoneos*]" = "iPhone Developer: jackie xue (YVSA3H2PRB)";
				GCC_PRECOMPILE_PREFIX_HEADER = YES;
				GCC_PREFIX_HEADER = "TestDys/TestDys-Prefix.pch";
				INFOPLIST_FILE = "TestDys/TestDys-Info.plist";
				PRODUCT_NAME = "$(TARGET_NAME)";
				PROVISIONING_PROFILE = "A0149D31-2417-46CB-8DED-E525D36C66A4";
				"PROVISIONING_PROFILE[sdk=iphoneos*]" = "A0149D31-2417-46CB-8DED-E525D36C66A4";
				WRAPPER_EXTENSION = app;
			};
			name = Release;
		};
/* End XCBuildConfiguration section */

/* Begin XCConfigurationList section */
		11FD7CCD17C2041F007EE7FC /* Build configuration list for PBXProject "TestDys" */ = {
			isa = XCConfigurationList;
			buildConfigurations = (
				11FD7D0117C2041F007EE7FC /* Debug */,
				11FD7D0217C2041F007EE7FC /* Release */,
			);
			defaultConfigurationIsVisible = 0;
			defaultConfigurationName = Release;
		};
		11FD7D0317C2041F007EE7FC /* Build configuration list for PBXNativeTarget "TestDys" */ = {
			isa = XCConfigurationList;
			buildConfigurations = (
				11FD7D0417C2041F007EE7FC /* Debug */,
				11FD7D0517C2041F007EE7FC /* Release */,
			);
			defaultConfigurationIsVisible = 0;
			defaultConfigurationName = Release;
		};
/* End XCConfigurationList section */
	};
	rootObject = 11FD7CCA17C2041F007EE7FC /* Project object */;
}
